
Microsoft Visual Studio Solution File, Format Version 12.00
# Visual Studio 14
VisualStudioVersion = 14.0.25420.1
MinimumVisualStudioVersion = 10.0.40219.1
Project("{FAE04EC0-301F-11D3-BF4B-00C04F79EFBC}") = "elmah.io.log4net", "elmah.io.log4net\elmah.io.log4net.csproj", "{BB79D779-33F0-4461-8D32-05DA36A96D8F}"
EndProject
Project("{FAE04EC0-301F-11D3-BF4B-00C04F79EFBC}") = "elmah.io.log4net.console", "elmah.io.log4net.console\elmah.io.log4net.console.csproj", "{62B36FF2-A7FA-4E1E-8207-EF18EE84275B}"
EndProject
Project("{FAE04EC0-301F-11D3-BF4B-00C04F79EFBC}") = "elmah.io.log4net.test", "elmah.io.log4net.test\elmah.io.log4net.test.csproj", "{C823A694-2696-47B7-AF10-56AC5A055521}"
EndProject
Project("{2150E333-8FDC-42A3-9474-1A3956D46DE8}") = "Solution Items", "Solution Items", "{1C7C1616-1A1B-4430-97E9-BCDCBB9FB338}"
	ProjectSection(SolutionItems) = preProject
		elmah.io.log4net.nuspec = elmah.io.log4net.nuspec
	EndProjectSection
EndProject
Global
	GlobalSection(SolutionConfigurationPlatforms) = preSolution
		Debug|Any CPU = Debug|Any CPU
		Release|Any CPU = Release|Any CPU
	EndGlobalSection
	GlobalSection(ProjectConfigurationPlatforms) = postSolution
		{BB79D779-33F0-4461-8D32-05DA36A96D8F}.Debug|Any CPU.ActiveCfg = Debug|Any CPU
		{BB79D779-33F0-4461-8D32-05DA36A96D8F}.Debug|Any CPU.Build.0 = Debug|Any CPU
		{BB79D779-33F0-4461-8D32-05DA36A96D8F}.Release|Any CPU.ActiveCfg = Release|Any CPU
		{BB79D779-33F0-4461-8D32-05DA36A96D8F}.Release|Any CPU.Build.0 = Release|Any CPU
		{62B36FF2-A7FA-4E1E-8207-EF18EE84275B}.Debug|Any CPU.ActiveCfg = Debug|Any CPU
		{62B36FF2-A7FA-4E1E-8207-EF18EE84275B}.Debug|Any CPU.Build.0 = Debug|Any CPU
		{62B36FF2-A7FA-4E1E-8207-EF18EE84275B}.Release|Any CPU.ActiveCfg = Release|Any CPU
		{62B36FF2-A7FA-4E1E-8207-EF18EE84275B}.Release|Any CPU.Build.0 = Release|Any CPU
		{C823A694-2696-47B7-AF10-56AC5A055521}.Debug|Any CPU.ActiveCfg = Debug|Any CPU
		{C823A694-2696-47B7-AF10-56AC5A055521}.Debug|Any CPU.Build.0 = Debug|Any CPU
		{C823A694-2696-47B7-AF10-56AC5A055521}.Release|Any CPU.ActiveCfg = Release|Any CPU
		{C823A694-2696-47B7-AF10-56AC5A055521}.Release|Any CPU.Build.0 = Release|Any CPU
	EndGlobalSection
	GlobalSection(SolutionProperties) = preSolution
		HideSolutionNode = FALSE
	EndGlobalSection
EndGlobal
