
Microsoft Visual Studio Solution File, Format Version 12.00
# Visual Studio Version 16
VisualStudioVersion = 16.0.29306.81
MinimumVisualStudioVersion = 10.0.40219.1
Project("{2150E333-8FDC-42A3-9474-1A3956D46DE8}") = "Solution Items", "Solution Items", "{1C7C1616-1A1B-4430-97E9-BCDCBB9FB338}"
	ProjectSection(SolutionItems) = preProject
		README.md = README.md
	EndProjectSection
EndProject
Project("{2150E333-8FDC-42A3-9474-1A3956D46DE8}") = "src", "src", "{65A33600-B517-41DF-8BF1-909CC6F5312E}"
EndProject
Project("{2150E333-8FDC-42A3-9474-1A3956D46DE8}") = "test", "test", "{F234F8E5-BB2D-4FC7-AB10-3D176CF2CE5D}"
EndProject
Project("{2150E333-8FDC-42A3-9474-1A3956D46DE8}") = "samples", "samples", "{DB8170C8-0AD1-4F9F-A085-B085F351C24D}"
EndProject
Project("{9A19103F-16F7-4668-BE54-9A1E7A4F7556}") = "Elmah.Io.Log4Net", "src\Elmah.Io.Log4Net\Elmah.Io.Log4Net.csproj", "{32985BA2-F6C6-476B-91A5-710FBECB5787}"
EndProject
Project("{FAE04EC0-301F-11D3-BF4B-00C04F79EFBC}") = "Elmah.Io.Log4Net.Console", "samples\Elmah.Io.Log4Net.Console\Elmah.Io.Log4Net.Console.csproj", "{3E42C9A0-5FC1-4CE8-AEB3-3429094549C3}"
EndProject
Project("{9A19103F-16F7-4668-BE54-9A1E7A4F7556}") = "Elmah.Io.Log4Net.Test", "test\Elmah.Io.Log4Net.Test\Elmah.Io.Log4Net.Test.csproj", "{0D80C305-2BFD-40BC-A55B-1C649A3C9B43}"
EndProject
Project("{9A19103F-16F7-4668-BE54-9A1E7A4F7556}") = "Elmah.Io.AspNetCore.Log4Net", "src\Elmah.Io.AspNetCore.Log4Net\Elmah.Io.AspNetCore.Log4Net.csproj", "{CD173F0C-D26B-4E0E-8E68-6302BBC26DC4}"
EndProject
Project("{9A19103F-16F7-4668-BE54-9A1E7A4F7556}") = "Elmah.Io.Log4Net.AspNetCore31", "samples\Elmah.Io.Log4Net.AspNetCore31\Elmah.Io.Log4Net.AspNetCore31.csproj", "{8F6249B9-727C-45C5-9D4D-2B4376272654}"
EndProject
Global
	GlobalSection(SolutionConfigurationPlatforms) = preSolution
		Debug|Any CPU = Debug|Any CPU
		Release|Any CPU = Release|Any CPU
	EndGlobalSection
	GlobalSection(ProjectConfigurationPlatforms) = postSolution
		{32985BA2-F6C6-476B-91A5-710FBECB5787}.Debug|Any CPU.ActiveCfg = Debug|Any CPU
		{32985BA2-F6C6-476B-91A5-710FBECB5787}.Debug|Any CPU.Build.0 = Debug|Any CPU
		{32985BA2-F6C6-476B-91A5-710FBECB5787}.Release|Any CPU.ActiveCfg = Release|Any CPU
		{32985BA2-F6C6-476B-91A5-710FBECB5787}.Release|Any CPU.Build.0 = Release|Any CPU
		{3E42C9A0-5FC1-4CE8-AEB3-3429094549C3}.Debug|Any CPU.ActiveCfg = Debug|Any CPU
		{3E42C9A0-5FC1-4CE8-AEB3-3429094549C3}.Debug|Any CPU.Build.0 = Debug|Any CPU
		{3E42C9A0-5FC1-4CE8-AEB3-3429094549C3}.Release|Any CPU.ActiveCfg = Release|Any CPU
		{3E42C9A0-5FC1-4CE8-AEB3-3429094549C3}.Release|Any CPU.Build.0 = Release|Any CPU
		{0D80C305-2BFD-40BC-A55B-1C649A3C9B43}.Debug|Any CPU.ActiveCfg = Debug|Any CPU
		{0D80C305-2BFD-40BC-A55B-1C649A3C9B43}.Debug|Any CPU.Build.0 = Debug|Any CPU
		{0D80C305-2BFD-40BC-A55B-1C649A3C9B43}.Release|Any CPU.ActiveCfg = Release|Any CPU
		{0D80C305-2BFD-40BC-A55B-1C649A3C9B43}.Release|Any CPU.Build.0 = Release|Any CPU
		{CD173F0C-D26B-4E0E-8E68-6302BBC26DC4}.Debug|Any CPU.ActiveCfg = Debug|Any CPU
		{CD173F0C-D26B-4E0E-8E68-6302BBC26DC4}.Debug|Any CPU.Build.0 = Debug|Any CPU
		{CD173F0C-D26B-4E0E-8E68-6302BBC26DC4}.Release|Any CPU.ActiveCfg = Release|Any CPU
		{CD173F0C-D26B-4E0E-8E68-6302BBC26DC4}.Release|Any CPU.Build.0 = Release|Any CPU
		{8F6249B9-727C-45C5-9D4D-2B4376272654}.Debug|Any CPU.ActiveCfg = Debug|Any CPU
		{8F6249B9-727C-45C5-9D4D-2B4376272654}.Debug|Any CPU.Build.0 = Debug|Any CPU
		{8F6249B9-727C-45C5-9D4D-2B4376272654}.Release|Any CPU.ActiveCfg = Release|Any CPU
		{8F6249B9-727C-45C5-9D4D-2B4376272654}.Release|Any CPU.Build.0 = Release|Any CPU
	EndGlobalSection
	GlobalSection(SolutionProperties) = preSolution
		HideSolutionNode = FALSE
	EndGlobalSection
	GlobalSection(NestedProjects) = preSolution
		{32985BA2-F6C6-476B-91A5-710FBECB5787} = {65A33600-B517-41DF-8BF1-909CC6F5312E}
		{3E42C9A0-5FC1-4CE8-AEB3-3429094549C3} = {DB8170C8-0AD1-4F9F-A085-B085F351C24D}
		{0D80C305-2BFD-40BC-A55B-1C649A3C9B43} = {F234F8E5-BB2D-4FC7-AB10-3D176CF2CE5D}
		{CD173F0C-D26B-4E0E-8E68-6302BBC26DC4} = {65A33600-B517-41DF-8BF1-909CC6F5312E}
		{8F6249B9-727C-45C5-9D4D-2B4376272654} = {DB8170C8-0AD1-4F9F-A085-B085F351C24D}
	EndGlobalSection
	GlobalSection(ExtensibilityGlobals) = postSolution
		SolutionGuid = {097ACF69-EEA9-4C79-814D-D0A4C03C0B29}
	EndGlobalSection
EndGlobal
